
Microsoft Visual Studio Solution File, Format Version 12.00
# Visual Studio Version 17
VisualStudioVersion = 17.4.33213.308
MinimumVisualStudioVersion = 10.0.40219.1
Project("{9A19103F-16F7-4668-BE54-9A1E7A4F7556}") = "GustoExpress.Web", "GustoExpress.Web\GustoExpress.Web.csproj", "{94A89F54-0C6C-42C4-8DFA-DD1C9201B5CA}"
EndProject
Project("{9A19103F-16F7-4668-BE54-9A1E7A4F7556}") = "GustoExpress.Data", "GustoExpress.Data\GustoExpress.Data.csproj", "{2ED7ED6B-2BD9-4DDB-B169-B7083A4E73A7}"
EndProject
Project("{9A19103F-16F7-4668-BE54-9A1E7A4F7556}") = "GustoExpress.Data.Models", "GustoExpress.Data.Models\GustoExpress.Data.Models.csproj", "{25195295-8741-4AA4-AE30-84A642D3D136}"
EndProject
Project("{9A19103F-16F7-4668-BE54-9A1E7A4F7556}") = "GustoExpress.Data.Common", "GustoExpress.Data.Common\GustoExpress.Data.Common.csproj", "{CC4C6298-0420-4615-9470-F1D9F7F133E0}"
EndProject
Project("{9A19103F-16F7-4668-BE54-9A1E7A4F7556}") = "GustoExpress.Services.Data", "GustoExpress.Services.Data\GustoExpress.Services.Data.csproj", "{6D164A16-3F8F-41AF-B5F5-7F3AF0EBD412}"
EndProject
Project("{9A19103F-16F7-4668-BE54-9A1E7A4F7556}") = "GustoExpress.Web.ViewModels", "GustoExpress.Web.ViewModels\GustoExpress.Web.ViewModels.csproj", "{DADD970D-E8A0-4178-8EE9-748AE8C73E7B}"
EndProject
Project("{9A19103F-16F7-4668-BE54-9A1E7A4F7556}") = "GustoExpress.Services.Mapping", "GustoExpress.Services.Mapping\GustoExpress.Services.Mapping.csproj", "{BD2FE82F-A8BD-4453-996D-110F495D43C5}"
EndProject
Project("{9A19103F-16F7-4668-BE54-9A1E7A4F7556}") = "GustoExpress.Services.Data.UnitTests", "GustoExpress.Data.UnitTests\GustoExpress.Services.Data.UnitTests.csproj", "{C63FD539-1C74-4367-8893-8CC3E0FDD829}"
EndProject
Project("{2150E333-8FDC-42A3-9474-1A3956D46DE8}") = "Web", "Web", "{9AD72230-5A5B-4523-BB22-D2F1F4F69977}"
EndProject
Project("{2150E333-8FDC-42A3-9474-1A3956D46DE8}") = "Data", "Data", "{E88231C8-5EC6-4D6B-A693-BAD384B279AD}"
EndProject
Project("{2150E333-8FDC-42A3-9474-1A3956D46DE8}") = "Services", "Services", "{BD986C8D-0524-4DA9-B1F7-4188A909620E}"
EndProject
Project("{2150E333-8FDC-42A3-9474-1A3956D46DE8}") = "Tests", "Tests", "{794C9BE6-588F-4370-A641-CEA93A711A9D}"
EndProject
Project("{9A19103F-16F7-4668-BE54-9A1E7A4F7556}") = "GustoExpress.Web.Common", "GustoExpress.Web.Common\GustoExpress.Web.Common.csproj", "{112A5A97-3FEC-43BA-95DB-2565C7797CE5}"
EndProject
Project("{9A19103F-16F7-4668-BE54-9A1E7A4F7556}") = "GustoExpress.Web.Infrastructure", "GustoExpress.Web.Infrastructure\GustoExpress.Web.Infrastructure.csproj", "{4D6703B1-16CC-412D-85D0-18D2AACAC021}"
EndProject
Project("{FAE04EC0-301F-11D3-BF4B-00C04F79EFBC}") = "GustoExpress.Web.Controllers.Tests", "GustoExpress.Web.Controllers.Tests\GustoExpress.Web.Controllers.Tests.csproj", "{7F09929C-ECCA-4AE7-9229-3BB1F1FA2312}"
EndProject
Global
	GlobalSection(SolutionConfigurationPlatforms) = preSolution
		Debug|Any CPU = Debug|Any CPU
		Release|Any CPU = Release|Any CPU
	EndGlobalSection
	GlobalSection(ProjectConfigurationPlatforms) = postSolution
		{94A89F54-0C6C-42C4-8DFA-DD1C9201B5CA}.Debug|Any CPU.ActiveCfg = Debug|Any CPU
		{94A89F54-0C6C-42C4-8DFA-DD1C9201B5CA}.Debug|Any CPU.Build.0 = Debug|Any CPU
		{94A89F54-0C6C-42C4-8DFA-DD1C9201B5CA}.Release|Any CPU.ActiveCfg = Release|Any CPU
		{94A89F54-0C6C-42C4-8DFA-DD1C9201B5CA}.Release|Any CPU.Build.0 = Release|Any CPU
		{2ED7ED6B-2BD9-4DDB-B169-B7083A4E73A7}.Debug|Any CPU.ActiveCfg = Debug|Any CPU
		{2ED7ED6B-2BD9-4DDB-B169-B7083A4E73A7}.Debug|Any CPU.Build.0 = Debug|Any CPU
		{2ED7ED6B-2BD9-4DDB-B169-B7083A4E73A7}.Release|Any CPU.ActiveCfg = Release|Any CPU
		{2ED7ED6B-2BD9-4DDB-B169-B7083A4E73A7}.Release|Any CPU.Build.0 = Release|Any CPU
		{25195295-8741-4AA4-AE30-84A642D3D136}.Debug|Any CPU.ActiveCfg = Debug|Any CPU
		{25195295-8741-4AA4-AE30-84A642D3D136}.Debug|Any CPU.Build.0 = Debug|Any CPU
		{25195295-8741-4AA4-AE30-84A642D3D136}.Release|Any CPU.ActiveCfg = Release|Any CPU
		{25195295-8741-4AA4-AE30-84A642D3D136}.Release|Any CPU.Build.0 = Release|Any CPU
		{CC4C6298-0420-4615-9470-F1D9F7F133E0}.Debug|Any CPU.ActiveCfg = Debug|Any CPU
		{CC4C6298-0420-4615-9470-F1D9F7F133E0}.Debug|Any CPU.Build.0 = Debug|Any CPU
		{CC4C6298-0420-4615-9470-F1D9F7F133E0}.Release|Any CPU.ActiveCfg = Release|Any CPU
		{CC4C6298-0420-4615-9470-F1D9F7F133E0}.Release|Any CPU.Build.0 = Release|Any CPU
		{6D164A16-3F8F-41AF-B5F5-7F3AF0EBD412}.Debug|Any CPU.ActiveCfg = Debug|Any CPU
		{6D164A16-3F8F-41AF-B5F5-7F3AF0EBD412}.Debug|Any CPU.Build.0 = Debug|Any CPU
		{6D164A16-3F8F-41AF-B5F5-7F3AF0EBD412}.Release|Any CPU.ActiveCfg = Release|Any CPU
		{6D164A16-3F8F-41AF-B5F5-7F3AF0EBD412}.Release|Any CPU.Build.0 = Release|Any CPU
		{DADD970D-E8A0-4178-8EE9-748AE8C73E7B}.Debug|Any CPU.ActiveCfg = Debug|Any CPU
		{DADD970D-E8A0-4178-8EE9-748AE8C73E7B}.Debug|Any CPU.Build.0 = Debug|Any CPU
		{DADD970D-E8A0-4178-8EE9-748AE8C73E7B}.Release|Any CPU.ActiveCfg = Release|Any CPU
		{DADD970D-E8A0-4178-8EE9-748AE8C73E7B}.Release|Any CPU.Build.0 = Release|Any CPU
		{BD2FE82F-A8BD-4453-996D-110F495D43C5}.Debug|Any CPU.ActiveCfg = Debug|Any CPU
		{BD2FE82F-A8BD-4453-996D-110F495D43C5}.Debug|Any CPU.Build.0 = Debug|Any CPU
		{BD2FE82F-A8BD-4453-996D-110F495D43C5}.Release|Any CPU.ActiveCfg = Release|Any CPU
		{BD2FE82F-A8BD-4453-996D-110F495D43C5}.Release|Any CPU.Build.0 = Release|Any CPU
		{C63FD539-1C74-4367-8893-8CC3E0FDD829}.Debug|Any CPU.ActiveCfg = Debug|Any CPU
		{C63FD539-1C74-4367-8893-8CC3E0FDD829}.Debug|Any CPU.Build.0 = Debug|Any CPU
		{C63FD539-1C74-4367-8893-8CC3E0FDD829}.Release|Any CPU.ActiveCfg = Release|Any CPU
		{C63FD539-1C74-4367-8893-8CC3E0FDD829}.Release|Any CPU.Build.0 = Release|Any CPU
		{112A5A97-3FEC-43BA-95DB-2565C7797CE5}.Debug|Any CPU.ActiveCfg = Debug|Any CPU
		{112A5A97-3FEC-43BA-95DB-2565C7797CE5}.Debug|Any CPU.Build.0 = Debug|Any CPU
		{112A5A97-3FEC-43BA-95DB-2565C7797CE5}.Release|Any CPU.ActiveCfg = Release|Any CPU
		{112A5A97-3FEC-43BA-95DB-2565C7797CE5}.Release|Any CPU.Build.0 = Release|Any CPU
		{4D6703B1-16CC-412D-85D0-18D2AACAC021}.Debug|Any CPU.ActiveCfg = Debug|Any CPU
		{4D6703B1-16CC-412D-85D0-18D2AACAC021}.Debug|Any CPU.Build.0 = Debug|Any CPU
		{4D6703B1-16CC-412D-85D0-18D2AACAC021}.Release|Any CPU.ActiveCfg = Release|Any CPU
		{4D6703B1-16CC-412D-85D0-18D2AACAC021}.Release|Any CPU.Build.0 = Release|Any CPU
		{7F09929C-ECCA-4AE7-9229-3BB1F1FA2312}.Debug|Any CPU.ActiveCfg = Debug|Any CPU
		{7F09929C-ECCA-4AE7-9229-3BB1F1FA2312}.Debug|Any CPU.Build.0 = Debug|Any CPU
		{7F09929C-ECCA-4AE7-9229-3BB1F1FA2312}.Release|Any CPU.ActiveCfg = Release|Any CPU
		{7F09929C-ECCA-4AE7-9229-3BB1F1FA2312}.Release|Any CPU.Build.0 = Release|Any CPU
	EndGlobalSection
	GlobalSection(SolutionProperties) = preSolution
		HideSolutionNode = FALSE
	EndGlobalSection
	GlobalSection(NestedProjects) = preSolution
		{94A89F54-0C6C-42C4-8DFA-DD1C9201B5CA} = {9AD72230-5A5B-4523-BB22-D2F1F4F69977}
		{2ED7ED6B-2BD9-4DDB-B169-B7083A4E73A7} = {E88231C8-5EC6-4D6B-A693-BAD384B279AD}
		{25195295-8741-4AA4-AE30-84A642D3D136} = {E88231C8-5EC6-4D6B-A693-BAD384B279AD}
		{CC4C6298-0420-4615-9470-F1D9F7F133E0} = {E88231C8-5EC6-4D6B-A693-BAD384B279AD}
		{6D164A16-3F8F-41AF-B5F5-7F3AF0EBD412} = {BD986C8D-0524-4DA9-B1F7-4188A909620E}
		{DADD970D-E8A0-4178-8EE9-748AE8C73E7B} = {9AD72230-5A5B-4523-BB22-D2F1F4F69977}
		{BD2FE82F-A8BD-4453-996D-110F495D43C5} = {BD986C8D-0524-4DA9-B1F7-4188A909620E}
		{C63FD539-1C74-4367-8893-8CC3E0FDD829} = {794C9BE6-588F-4370-A641-CEA93A711A9D}
		{112A5A97-3FEC-43BA-95DB-2565C7797CE5} = {9AD72230-5A5B-4523-BB22-D2F1F4F69977}
		{4D6703B1-16CC-412D-85D0-18D2AACAC021} = {9AD72230-5A5B-4523-BB22-D2F1F4F69977}
		{7F09929C-ECCA-4AE7-9229-3BB1F1FA2312} = {794C9BE6-588F-4370-A641-CEA93A711A9D}
	EndGlobalSection
	GlobalSection(ExtensibilityGlobals) = postSolution
		SolutionGuid = {B7F6A7A4-1D6A-42EC-A1CA-D05F0DF424F4}
	EndGlobalSection
EndGlobal
